<?xml version="1.0" encoding="UTF-8" standalone="yes" ?>
<CodeBlocks_project_file>
	<FileVersion major="1" minor="6" />
	<Project>
		<Option title="SuperMegaAwesomeZombieKiller" />
		<Option pch_mode="2" />
		<Option compiler="gcc" />
		<Build>
			<Target title="Debug">
				<Option output="bin\Debug\SuperMegaAwesomeZombieSlayer" prefix_auto="1" extension_auto="1" />
				<Option object_output="obj\Debug\" />
				<Option type="1" />
				<Option compiler="gcc" />
				<Compiler>
					<Add option="-g" />
					<Add option="-DSFML_DYNAMIC" />
				</Compiler>
				<Linker>
					<Add option="-lsfml-graphics" />
					<Add option="-lsfml-window" />
					<Add option="-lsfml-system" />
				</Linker>
			</Target>
			<Target title="Release">
				<Option output="bin\Release\SuperMegaAwesomeZombieSlayer" prefix_auto="1" extension_auto="1" />
				<Option object_output="obj\Release\" />
				<Option type="1" />
				<Option compiler="gcc" />
				<Compiler>
					<Add option="-O2" />
				</Compiler>
				<Linker>
					<Add option="-s" />
				</Linker>
			</Target>
		</Build>
		<Compiler>
			<Add option="-Wall" />
			<Add option="-fexceptions" />
		</Compiler>
		<Unit filename="Config.cpp" />
		<Unit filename="Config.hpp" />
		<Unit filename="Decal.hpp" />
		<Unit filename="Enemy.cpp" />
		<Unit filename="Enemy.hpp" />
		<Unit filename="EnemyType.hpp" />
		<Unit filename="Game.cpp" />
		<Unit filename="Game.hpp" />
		<Unit filename="Gui.hpp" />
		<Unit filename="MovingEntity.cpp" />
		<Unit filename="MovingEntity.hpp" />
		<Unit filename="Particle.cpp" />
		<Unit filename="Particle.hpp" />
		<Unit filename="ParticleType.hpp" />
		<Unit filename="Player.cpp" />
		<Unit filename="Player.hpp" />
		<Unit filename="PowerUp.cpp" />
		<Unit filename="PowerUp.hpp" />
		<Unit filename="Projectile.cpp" />
		<Unit filename="Projectile.hpp" />
		<Unit filename="ProjectileType.hpp" />
		<Unit filename="StillObject.cpp" />
		<Unit filename="StillObject.hpp" />
		<Unit filename="Storage.cpp" />
		<Unit filename="Storage.hpp" />
		<Unit filename="TemplateType.hpp" />
		<Unit filename="Utility.cpp" />
		<Unit filename="Utility.hpp" />
		<Unit filename="WaveType.hpp" />
		<Unit filename="Weapon.cpp" />
		<Unit filename="Weapon.hpp" />
		<Unit filename="WeaponType.hpp" />
		<Unit filename="main.cpp" />
		<Extensions>
			<code_completion />
			<debugger />
		</Extensions>
	</Project>
</CodeBlocks_project_file>
